
Microsoft Visual Studio Solution File, Format Version 12.00
# Visual Studio Version 16
VisualStudioVersion = 16.0.31613.86
MinimumVisualStudioVersion = 10.0.40219.1
Project("{FAE04EC0-301F-11D3-BF4B-00C04F79EFBC}") = "textVector", "textVector.csproj", "{D7110401-62B5-4879-B91A-70E4EAA5088D}"
EndProject
Global
	GlobalSection(SolutionConfigurationPlatforms) = preSolution
		Debug|Any CPU = Debug|Any CPU
		Release|Any CPU = Release|Any CPU
	EndGlobalSection
	GlobalSection(ProjectConfigurationPlatforms) = postSolution
		{D7110401-62B5-4879-B91A-70E4EAA5088D}.Debug|Any CPU.ActiveCfg = Debug|Any CPU
		{D7110401-62B5-4879-B91A-70E4EAA5088D}.Debug|Any CPU.Build.0 = Debug|Any CPU
		{D7110401-62B5-4879-B91A-70E4EAA5088D}.Release|Any CPU.ActiveCfg = Release|Any CPU
		{D7110401-62B5-4879-B91A-70E4EAA5088D}.Release|Any CPU.Build.0 = Release|Any CPU
	EndGlobalSection
	GlobalSection(SolutionProperties) = preSolution
		HideSolutionNode = FALSE
	EndGlobalSection
	GlobalSection(ExtensibilityGlobals) = postSolution
		SolutionGuid = {4ECE6B72-715C-4FED-9F15-16288B5DCC0D}
	EndGlobalSection
EndGlobal
